
Microsoft Visual Studio Solution File, Format Version 12.00
# Visual Studio Version 17
VisualStudioVersion = 17.6.33829.357
MinimumVisualStudioVersion = 10.0.40219.1
Project("{FAE04EC0-301F-11D3-BF4B-00C04F79EFBC}") = "cockroach race", "cockroach race\cockroach race.csproj", "{EBC388C0-F2A7-4B6C-9956-77E990140E85}"
EndProject
Global
	GlobalSection(SolutionConfigurationPlatforms) = preSolution
		Debug|Any CPU = Debug|Any CPU
		Release|Any CPU = Release|Any CPU
	EndGlobalSection
	GlobalSection(ProjectConfigurationPlatforms) = postSolution
		{EBC388C0-F2A7-4B6C-9956-77E990140E85}.Debug|Any CPU.ActiveCfg = Debug|Any CPU
		{EBC388C0-F2A7-4B6C-9956-77E990140E85}.Debug|Any CPU.Build.0 = Debug|Any CPU
		{EBC388C0-F2A7-4B6C-9956-77E990140E85}.Release|Any CPU.ActiveCfg = Release|Any CPU
		{EBC388C0-F2A7-4B6C-9956-77E990140E85}.Release|Any CPU.Build.0 = Release|Any CPU
	EndGlobalSection
	GlobalSection(SolutionProperties) = preSolution
		HideSolutionNode = FALSE
	EndGlobalSection
	GlobalSection(ExtensibilityGlobals) = postSolution
		SolutionGuid = {A9B9E6F7-D2BB-470F-9954-A9F6AEC7F936}
	EndGlobalSection
EndGlobal
